
Microsoft Visual Studio Solution File, Format Version 10.00
# Visual Studio 2008
Project("{FAE04EC0-301F-11D3-BF4B-00C04F79EFBC}") = "AssertionsAndFixtures", "AssertionsAndFixtures\AssertionsAndFixtures.csproj", "{21F73B59-E580-4660-BCB6-B1AEC04FAF1C}"
EndProject
Project("{FAE04EC0-301F-11D3-BF4B-00C04F79EFBC}") = "AssertionsAndFixturesTest", "AssertionsAndFixturesTest\AssertionsAndFixturesTest.csproj", "{76D12EA3-D6B8-44D1-9634-EB3B1C133B00}"
EndProject
Global
	GlobalSection(SolutionConfigurationPlatforms) = preSolution
		Debug|Any CPU = Debug|Any CPU
		Release|Any CPU = Release|Any CPU
	EndGlobalSection
	GlobalSection(ProjectConfigurationPlatforms) = postSolution
		{21F73B59-E580-4660-BCB6-B1AEC04FAF1C}.Debug|Any CPU.ActiveCfg = Debug|Any CPU
		{21F73B59-E580-4660-BCB6-B1AEC04FAF1C}.Debug|Any CPU.Build.0 = Debug|Any CPU
		{21F73B59-E580-4660-BCB6-B1AEC04FAF1C}.Release|Any CPU.ActiveCfg = Release|Any CPU
		{21F73B59-E580-4660-BCB6-B1AEC04FAF1C}.Release|Any CPU.Build.0 = Release|Any CPU
		{76D12EA3-D6B8-44D1-9634-EB3B1C133B00}.Debug|Any CPU.ActiveCfg = Debug|Any CPU
		{76D12EA3-D6B8-44D1-9634-EB3B1C133B00}.Debug|Any CPU.Build.0 = Debug|Any CPU
		{76D12EA3-D6B8-44D1-9634-EB3B1C133B00}.Release|Any CPU.ActiveCfg = Release|Any CPU
		{76D12EA3-D6B8-44D1-9634-EB3B1C133B00}.Release|Any CPU.Build.0 = Release|Any CPU
	EndGlobalSection
	GlobalSection(SolutionProperties) = preSolution
		HideSolutionNode = FALSE
	EndGlobalSection
EndGlobal
